
Microsoft Visual Studio Solution File, Format Version 12.00
# Visual Studio 15
VisualStudioVersion = 15.0.28010.2003
MinimumVisualStudioVersion = 10.0.40219.1
Project("{FAE04EC0-301F-11D3-BF4B-00C04F79EFBC}") = "TestCustomVision.Android", "TestCustomVision\TestCustomVision.Android\TestCustomVision.Android.csproj", "{50FDABDC-2593-44F7-B483-9E0530AEAEA1}"
EndProject
Project("{FAE04EC0-301F-11D3-BF4B-00C04F79EFBC}") = "TestCustomVision.iOS", "TestCustomVision\TestCustomVision.iOS\TestCustomVision.iOS.csproj", "{54A785F0-2B92-4DC0-9F7D-47653FCB94AD}"
EndProject
Project("{FAE04EC0-301F-11D3-BF4B-00C04F79EFBC}") = "TestCustomVision.UWP", "TestCustomVision\TestCustomVision.UWP\TestCustomVision.UWP.csproj", "{9243006E-FC05-4F24-A441-6906CA5FB858}"
EndProject
Project("{FAE04EC0-301F-11D3-BF4B-00C04F79EFBC}") = "TestCustomVision", "TestCustomVision\TestCustomVision\TestCustomVision.csproj", "{BC91F132-E299-498E-8AD8-3289B1BB028F}"
EndProject
Global
	GlobalSection(SolutionConfigurationPlatforms) = preSolution
		Ad-Hoc|Any CPU = Ad-Hoc|Any CPU
		Ad-Hoc|ARM = Ad-Hoc|ARM
		Ad-Hoc|iPhone = Ad-Hoc|iPhone
		Ad-Hoc|iPhoneSimulator = Ad-Hoc|iPhoneSimulator
		Ad-Hoc|x64 = Ad-Hoc|x64
		Ad-Hoc|x86 = Ad-Hoc|x86
		AppStore|Any CPU = AppStore|Any CPU
		AppStore|ARM = AppStore|ARM
		AppStore|iPhone = AppStore|iPhone
		AppStore|iPhoneSimulator = AppStore|iPhoneSimulator
		AppStore|x64 = AppStore|x64
		AppStore|x86 = AppStore|x86
		Debug|Any CPU = Debug|Any CPU
		Debug|ARM = Debug|ARM
		Debug|iPhone = Debug|iPhone
		Debug|iPhoneSimulator = Debug|iPhoneSimulator
		Debug|x64 = Debug|x64
		Debug|x86 = Debug|x86
		Release|Any CPU = Release|Any CPU
		Release|ARM = Release|ARM
		Release|iPhone = Release|iPhone
		Release|iPhoneSimulator = Release|iPhoneSimulator
		Release|x64 = Release|x64
		Release|x86 = Release|x86
	EndGlobalSection
	GlobalSection(ProjectConfigurationPlatforms) = postSolution
		{50FDABDC-2593-44F7-B483-9E0530AEAEA1}.Ad-Hoc|Any CPU.ActiveCfg = Release|Any CPU
		{50FDABDC-2593-44F7-B483-9E0530AEAEA1}.Ad-Hoc|Any CPU.Build.0 = Release|Any CPU
		{50FDABDC-2593-44F7-B483-9E0530AEAEA1}.Ad-Hoc|Any CPU.Deploy.0 = Release|Any CPU
		{50FDABDC-2593-44F7-B483-9E0530AEAEA1}.Ad-Hoc|ARM.ActiveCfg = Release|Any CPU
		{50FDABDC-2593-44F7-B483-9E0530AEAEA1}.Ad-Hoc|ARM.Build.0 = Release|Any CPU
		{50FDABDC-2593-44F7-B483-9E0530AEAEA1}.Ad-Hoc|ARM.Deploy.0 = Release|Any CPU
		{50FDABDC-2593-44F7-B483-9E0530AEAEA1}.Ad-Hoc|iPhone.ActiveCfg = Release|Any CPU
		{50FDABDC-2593-44F7-B483-9E0530AEAEA1}.Ad-Hoc|iPhone.Build.0 = Release|Any CPU
		{50FDABDC-2593-44F7-B483-9E0530AEAEA1}.Ad-Hoc|iPhone.Deploy.0 = Release|Any CPU
		{50FDABDC-2593-44F7-B483-9E0530AEAEA1}.Ad-Hoc|iPhoneSimulator.ActiveCfg = Release|Any CPU
		{50FDABDC-2593-44F7-B483-9E0530AEAEA1}.Ad-Hoc|iPhoneSimulator.Build.0 = Release|Any CPU
		{50FDABDC-2593-44F7-B483-9E0530AEAEA1}.Ad-Hoc|iPhoneSimulator.Deploy.0 = Release|Any CPU
		{50FDABDC-2593-44F7-B483-9E0530AEAEA1}.Ad-Hoc|x64.ActiveCfg = Release|Any CPU
		{50FDABDC-2593-44F7-B483-9E0530AEAEA1}.Ad-Hoc|x64.Build.0 = Release|Any CPU
		{50FDABDC-2593-44F7-B483-9E0530AEAEA1}.Ad-Hoc|x64.Deploy.0 = Release|Any CPU
		{50FDABDC-2593-44F7-B483-9E0530AEAEA1}.Ad-Hoc|x86.ActiveCfg = Release|Any CPU
		{50FDABDC-2593-44F7-B483-9E0530AEAEA1}.Ad-Hoc|x86.Build.0 = Release|Any CPU
		{50FDABDC-2593-44F7-B483-9E0530AEAEA1}.Ad-Hoc|x86.Deploy.0 = Release|Any CPU
		{50FDABDC-2593-44F7-B483-9E0530AEAEA1}.AppStore|Any CPU.ActiveCfg = Release|Any CPU
		{50FDABDC-2593-44F7-B483-9E0530AEAEA1}.AppStore|Any CPU.Build.0 = Release|Any CPU
		{50FDABDC-2593-44F7-B483-9E0530AEAEA1}.AppStore|Any CPU.Deploy.0 = Release|Any CPU
		{50FDABDC-2593-44F7-B483-9E0530AEAEA1}.AppStore|ARM.ActiveCfg = Release|Any CPU
		{50FDABDC-2593-44F7-B483-9E0530AEAEA1}.AppStore|ARM.Build.0 = Release|Any CPU
		{50FDABDC-2593-44F7-B483-9E0530AEAEA1}.AppStore|ARM.Deploy.0 = Release|Any CPU
		{50FDABDC-2593-44F7-B483-9E0530AEAEA1}.AppStore|iPhone.ActiveCfg = Release|Any CPU
		{50FDABDC-2593-44F7-B483-9E0530AEAEA1}.AppStore|iPhone.Build.0 = Release|Any CPU
		{50FDABDC-2593-44F7-B483-9E0530AEAEA1}.AppStore|iPhone.Deploy.0 = Release|Any CPU
		{50FDABDC-2593-44F7-B483-9E0530AEAEA1}.AppStore|iPhoneSimulator.ActiveCfg = Release|Any CPU
		{50FDABDC-2593-44F7-B483-9E0530AEAEA1}.AppStore|iPhoneSimulator.Build.0 = Release|Any CPU
		{50FDABDC-2593-44F7-B483-9E0530AEAEA1}.AppStore|iPhoneSimulator.Deploy.0 = Release|Any CPU
		{50FDABDC-2593-44F7-B483-9E0530AEAEA1}.AppStore|x64.ActiveCfg = Release|Any CPU
		{50FDABDC-2593-44F7-B483-9E0530AEAEA1}.AppStore|x64.Build.0 = Release|Any CPU
		{50FDABDC-2593-44F7-B483-9E0530AEAEA1}.AppStore|x64.Deploy.0 = Release|Any CPU
		{50FDABDC-2593-44F7-B483-9E0530AEAEA1}.AppStore|x86.ActiveCfg = Release|Any CPU
		{50FDABDC-2593-44F7-B483-9E0530AEAEA1}.AppStore|x86.Build.0 = Release|Any CPU
		{50FDABDC-2593-44F7-B483-9E0530AEAEA1}.AppStore|x86.Deploy.0 = Release|Any CPU
		{50FDABDC-2593-44F7-B483-9E0530AEAEA1}.Debug|Any CPU.ActiveCfg = Debug|Any CPU
		{50FDABDC-2593-44F7-B483-9E0530AEAEA1}.Debug|Any CPU.Build.0 = Debug|Any CPU
		{50FDABDC-2593-44F7-B483-9E0530AEAEA1}.Debug|Any CPU.Deploy.0 = Debug|Any CPU
		{50FDABDC-2593-44F7-B483-9E0530AEAEA1}.Debug|ARM.ActiveCfg = Debug|Any CPU
		{50FDABDC-2593-44F7-B483-9E0530AEAEA1}.Debug|ARM.Build.0 = Debug|Any CPU
		{50FDABDC-2593-44F7-B483-9E0530AEAEA1}.Debug|ARM.Deploy.0 = Debug|Any CPU
		{50FDABDC-2593-44F7-B483-9E0530AEAEA1}.Debug|iPhone.ActiveCfg = Debug|Any CPU
		{50FDABDC-2593-44F7-B483-9E0530AEAEA1}.Debug|iPhone.Build.0 = Debug|Any CPU
		{50FDABDC-2593-44F7-B483-9E0530AEAEA1}.Debug|iPhone.Deploy.0 = Debug|Any CPU
		{50FDABDC-2593-44F7-B483-9E0530AEAEA1}.Debug|iPhoneSimulator.ActiveCfg = Debug|Any CPU
		{50FDABDC-2593-44F7-B483-9E0530AEAEA1}.Debug|iPhoneSimulator.Build.0 = Debug|Any CPU
		{50FDABDC-2593-44F7-B483-9E0530AEAEA1}.Debug|iPhoneSimulator.Deploy.0 = Debug|Any CPU
		{50FDABDC-2593-44F7-B483-9E0530AEAEA1}.Debug|x64.ActiveCfg = Debug|Any CPU
		{50FDABDC-2593-44F7-B483-9E0530AEAEA1}.Debug|x64.Build.0 = Debug|Any CPU
		{50FDABDC-2593-44F7-B483-9E0530AEAEA1}.Debug|x64.Deploy.0 = Debug|Any CPU
		{50FDABDC-2593-44F7-B483-9E0530AEAEA1}.Debug|x86.ActiveCfg = Debug|Any CPU
		{50FDABDC-2593-44F7-B483-9E0530AEAEA1}.Debug|x86.Build.0 = Debug|Any CPU
		{50FDABDC-2593-44F7-B483-9E0530AEAEA1}.Debug|x86.Deploy.0 = Debug|Any CPU
		{50FDABDC-2593-44F7-B483-9E0530AEAEA1}.Release|Any CPU.ActiveCfg = Release|Any CPU
		{50FDABDC-2593-44F7-B483-9E0530AEAEA1}.Release|Any CPU.Build.0 = Release|Any CPU
		{50FDABDC-2593-44F7-B483-9E0530AEAEA1}.Release|Any CPU.Deploy.0 = Release|Any CPU
		{50FDABDC-2593-44F7-B483-9E0530AEAEA1}.Release|ARM.ActiveCfg = Release|Any CPU
		{50FDABDC-2593-44F7-B483-9E0530AEAEA1}.Release|ARM.Build.0 = Release|Any CPU
		{50FDABDC-2593-44F7-B483-9E0530AEAEA1}.Release|ARM.Deploy.0 = Release|Any CPU
		{50FDABDC-2593-44F7-B483-9E0530AEAEA1}.Release|iPhone.ActiveCfg = Release|Any CPU
		{50FDABDC-2593-44F7-B483-9E0530AEAEA1}.Release|iPhone.Build.0 = Release|Any CPU
		{50FDABDC-2593-44F7-B483-9E0530AEAEA1}.Release|iPhone.Deploy.0 = Release|Any CPU
		{50FDABDC-2593-44F7-B483-9E0530AEAEA1}.Release|iPhoneSimulator.ActiveCfg = Release|Any CPU
		{50FDABDC-2593-44F7-B483-9E0530AEAEA1}.Release|iPhoneSimulator.Build.0 = Release|Any CPU
		{50FDABDC-2593-44F7-B483-9E0530AEAEA1}.Release|iPhoneSimulator.Deploy.0 = Release|Any CPU
		{50FDABDC-2593-44F7-B483-9E0530AEAEA1}.Release|x64.ActiveCfg = Release|Any CPU
		{50FDABDC-2593-44F7-B483-9E0530AEAEA1}.Release|x64.Build.0 = Release|Any CPU
		{50FDABDC-2593-44F7-B483-9E0530AEAEA1}.Release|x64.Deploy.0 = Release|Any CPU
		{50FDABDC-2593-44F7-B483-9E0530AEAEA1}.Release|x86.ActiveCfg = Release|Any CPU
		{50FDABDC-2593-44F7-B483-9E0530AEAEA1}.Release|x86.Build.0 = Release|Any CPU
		{50FDABDC-2593-44F7-B483-9E0530AEAEA1}.Release|x86.Deploy.0 = Release|Any CPU
		{54A785F0-2B92-4DC0-9F7D-47653FCB94AD}.Ad-Hoc|Any CPU.ActiveCfg = Ad-Hoc|iPhone
		{54A785F0-2B92-4DC0-9F7D-47653FCB94AD}.Ad-Hoc|Any CPU.Build.0 = Ad-Hoc|iPhone
		{54A785F0-2B92-4DC0-9F7D-47653FCB94AD}.Ad-Hoc|Any CPU.Deploy.0 = Ad-Hoc|iPhone
		{54A785F0-2B92-4DC0-9F7D-47653FCB94AD}.Ad-Hoc|ARM.ActiveCfg = Ad-Hoc|iPhone
		{54A785F0-2B92-4DC0-9F7D-47653FCB94AD}.Ad-Hoc|ARM.Build.0 = Ad-Hoc|iPhone
		{54A785F0-2B92-4DC0-9F7D-47653FCB94AD}.Ad-Hoc|ARM.Deploy.0 = Ad-Hoc|iPhone
		{54A785F0-2B92-4DC0-9F7D-47653FCB94AD}.Ad-Hoc|iPhone.ActiveCfg = Ad-Hoc|iPhone
		{54A785F0-2B92-4DC0-9F7D-47653FCB94AD}.Ad-Hoc|iPhone.Build.0 = Ad-Hoc|iPhone
		{54A785F0-2B92-4DC0-9F7D-47653FCB94AD}.Ad-Hoc|iPhone.Deploy.0 = Ad-Hoc|iPhone
		{54A785F0-2B92-4DC0-9F7D-47653FCB94AD}.Ad-Hoc|iPhoneSimulator.ActiveCfg = Ad-Hoc|iPhoneSimulator
		{54A785F0-2B92-4DC0-9F7D-47653FCB94AD}.Ad-Hoc|iPhoneSimulator.Build.0 = Ad-Hoc|iPhoneSimulator
		{54A785F0-2B92-4DC0-9F7D-47653FCB94AD}.Ad-Hoc|iPhoneSimulator.Deploy.0 = Ad-Hoc|iPhoneSimulator
		{54A785F0-2B92-4DC0-9F7D-47653FCB94AD}.Ad-Hoc|x64.ActiveCfg = Ad-Hoc|iPhone
		{54A785F0-2B92-4DC0-9F7D-47653FCB94AD}.Ad-Hoc|x64.Build.0 = Ad-Hoc|iPhone
		{54A785F0-2B92-4DC0-9F7D-47653FCB94AD}.Ad-Hoc|x64.Deploy.0 = Ad-Hoc|iPhone
		{54A785F0-2B92-4DC0-9F7D-47653FCB94AD}.Ad-Hoc|x86.ActiveCfg = Ad-Hoc|iPhone
		{54A785F0-2B92-4DC0-9F7D-47653FCB94AD}.Ad-Hoc|x86.Build.0 = Ad-Hoc|iPhone
		{54A785F0-2B92-4DC0-9F7D-47653FCB94AD}.Ad-Hoc|x86.Deploy.0 = Ad-Hoc|iPhone
		{54A785F0-2B92-4DC0-9F7D-47653FCB94AD}.AppStore|Any CPU.ActiveCfg = AppStore|iPhone
		{54A785F0-2B92-4DC0-9F7D-47653FCB94AD}.AppStore|Any CPU.Build.0 = AppStore|iPhone
		{54A785F0-2B92-4DC0-9F7D-47653FCB94AD}.AppStore|Any CPU.Deploy.0 = AppStore|iPhone
		{54A785F0-2B92-4DC0-9F7D-47653FCB94AD}.AppStore|ARM.ActiveCfg = AppStore|iPhone
		{54A785F0-2B92-4DC0-9F7D-47653FCB94AD}.AppStore|ARM.Build.0 = AppStore|iPhone
		{54A785F0-2B92-4DC0-9F7D-47653FCB94AD}.AppStore|ARM.Deploy.0 = AppStore|iPhone
		{54A785F0-2B92-4DC0-9F7D-47653FCB94AD}.AppStore|iPhone.ActiveCfg = AppStore|iPhone
		{54A785F0-2B92-4DC0-9F7D-47653FCB94AD}.AppStore|iPhone.Build.0 = AppStore|iPhone
		{54A785F0-2B92-4DC0-9F7D-47653FCB94AD}.AppStore|iPhone.Deploy.0 = AppStore|iPhone
		{54A785F0-2B92-4DC0-9F7D-47653FCB94AD}.AppStore|iPhoneSimulator.ActiveCfg = AppStore|iPhoneSimulator
		{54A785F0-2B92-4DC0-9F7D-47653FCB94AD}.AppStore|iPhoneSimulator.Build.0 = AppStore|iPhoneSimulator
		{54A785F0-2B92-4DC0-9F7D-47653FCB94AD}.AppStore|iPhoneSimulator.Deploy.0 = AppStore|iPhoneSimulator
		{54A785F0-2B92-4DC0-9F7D-47653FCB94AD}.AppStore|x64.ActiveCfg = AppStore|iPhone
		{54A785F0-2B92-4DC0-9F7D-47653FCB94AD}.AppStore|x64.Build.0 = AppStore|iPhone
		{54A785F0-2B92-4DC0-9F7D-47653FCB94AD}.AppStore|x64.Deploy.0 = AppStore|iPhone
		{54A785F0-2B92-4DC0-9F7D-47653FCB94AD}.AppStore|x86.ActiveCfg = AppStore|iPhone
		{54A785F0-2B92-4DC0-9F7D-47653FCB94AD}.AppStore|x86.Build.0 = AppStore|iPhone
		{54A785F0-2B92-4DC0-9F7D-47653FCB94AD}.AppStore|x86.Deploy.0 = AppStore|iPhone
		{54A785F0-2B92-4DC0-9F7D-47653FCB94AD}.Debug|Any CPU.ActiveCfg = Debug|iPhoneSimulator
		{54A785F0-2B92-4DC0-9F7D-47653FCB94AD}.Debug|Any CPU.Build.0 = Debug|iPhoneSimulator
		{54A785F0-2B92-4DC0-9F7D-47653FCB94AD}.Debug|Any CPU.Deploy.0 = Debug|iPhoneSimulator
		{54A785F0-2B92-4DC0-9F7D-47653FCB94AD}.Debug|ARM.ActiveCfg = Debug|iPhone
		{54A785F0-2B92-4DC0-9F7D-47653FCB94AD}.Debug|ARM.Build.0 = Debug|iPhone
		{54A785F0-2B92-4DC0-9F7D-47653FCB94AD}.Debug|ARM.Deploy.0 = Debug|iPhone
		{54A785F0-2B92-4DC0-9F7D-47653FCB94AD}.Debug|iPhone.ActiveCfg = Debug|iPhone
		{54A785F0-2B92-4DC0-9F7D-47653FCB94AD}.Debug|iPhone.Build.0 = Debug|iPhone
		{54A785F0-2B92-4DC0-9F7D-47653FCB94AD}.Debug|iPhone.Deploy.0 = Debug|iPhone
		{54A785F0-2B92-4DC0-9F7D-47653FCB94AD}.Debug|iPhoneSimulator.ActiveCfg = Debug|iPhoneSimulator
		{54A785F0-2B92-4DC0-9F7D-47653FCB94AD}.Debug|iPhoneSimulator.Build.0 = Debug|iPhoneSimulator
		{54A785F0-2B92-4DC0-9F7D-47653FCB94AD}.Debug|iPhoneSimulator.Deploy.0 = Debug|iPhoneSimulator
		{54A785F0-2B92-4DC0-9F7D-47653FCB94AD}.Debug|x64.ActiveCfg = Debug|iPhone
		{54A785F0-2B92-4DC0-9F7D-47653FCB94AD}.Debug|x64.Build.0 = Debug|iPhone
		{54A785F0-2B92-4DC0-9F7D-47653FCB94AD}.Debug|x64.Deploy.0 = Debug|iPhone
		{54A785F0-2B92-4DC0-9F7D-47653FCB94AD}.Debug|x86.ActiveCfg = Debug|iPhone
		{54A785F0-2B92-4DC0-9F7D-47653FCB94AD}.Debug|x86.Build.0 = Debug|iPhone
		{54A785F0-2B92-4DC0-9F7D-47653FCB94AD}.Debug|x86.Deploy.0 = Debug|iPhone
		{54A785F0-2B92-4DC0-9F7D-47653FCB94AD}.Release|Any CPU.ActiveCfg = Release|iPhone
		{54A785F0-2B92-4DC0-9F7D-47653FCB94AD}.Release|Any CPU.Build.0 = Release|iPhone
		{54A785F0-2B92-4DC0-9F7D-47653FCB94AD}.Release|Any CPU.Deploy.0 = Release|iPhone
		{54A785F0-2B92-4DC0-9F7D-47653FCB94AD}.Release|ARM.ActiveCfg = Release|iPhone
		{54A785F0-2B92-4DC0-9F7D-47653FCB94AD}.Release|ARM.Build.0 = Release|iPhone
		{54A785F0-2B92-4DC0-9F7D-47653FCB94AD}.Release|ARM.Deploy.0 = Release|iPhone
		{54A785F0-2B92-4DC0-9F7D-47653FCB94AD}.Release|iPhone.ActiveCfg = Release|iPhone
		{54A785F0-2B92-4DC0-9F7D-47653FCB94AD}.Release|iPhone.Build.0 = Release|iPhone
		{54A785F0-2B92-4DC0-9F7D-47653FCB94AD}.Release|iPhone.Deploy.0 = Release|iPhone
		{54A785F0-2B92-4DC0-9F7D-47653FCB94AD}.Release|iPhoneSimulator.ActiveCfg = Release|iPhoneSimulator
		{54A785F0-2B92-4DC0-9F7D-47653FCB94AD}.Release|iPhoneSimulator.Build.0 = Release|iPhoneSimulator
		{54A785F0-2B92-4DC0-9F7D-47653FCB94AD}.Release|iPhoneSimulator.Deploy.0 = Release|iPhoneSimulator
		{54A785F0-2B92-4DC0-9F7D-47653FCB94AD}.Release|x64.ActiveCfg = Release|iPhone
		{54A785F0-2B92-4DC0-9F7D-47653FCB94AD}.Release|x64.Build.0 = Release|iPhone
		{54A785F0-2B92-4DC0-9F7D-47653FCB94AD}.Release|x64.Deploy.0 = Release|iPhone
		{54A785F0-2B92-4DC0-9F7D-47653FCB94AD}.Release|x86.ActiveCfg = Release|iPhone
		{54A785F0-2B92-4DC0-9F7D-47653FCB94AD}.Release|x86.Build.0 = Release|iPhone
		{54A785F0-2B92-4DC0-9F7D-47653FCB94AD}.Release|x86.Deploy.0 = Release|iPhone
		{9243006E-FC05-4F24-A441-6906CA5FB858}.Ad-Hoc|Any CPU.ActiveCfg = Release|x86
		{9243006E-FC05-4F24-A441-6906CA5FB858}.Ad-Hoc|Any CPU.Build.0 = Release|x86
		{9243006E-FC05-4F24-A441-6906CA5FB858}.Ad-Hoc|Any CPU.Deploy.0 = Release|x86
		{9243006E-FC05-4F24-A441-6906CA5FB858}.Ad-Hoc|ARM.ActiveCfg = Release|ARM
		{9243006E-FC05-4F24-A441-6906CA5FB858}.Ad-Hoc|ARM.Build.0 = Release|ARM
		{9243006E-FC05-4F24-A441-6906CA5FB858}.Ad-Hoc|ARM.Deploy.0 = Release|ARM
		{9243006E-FC05-4F24-A441-6906CA5FB858}.Ad-Hoc|iPhone.ActiveCfg = Release|x86
		{9243006E-FC05-4F24-A441-6906CA5FB858}.Ad-Hoc|iPhone.Build.0 = Release|x86
		{9243006E-FC05-4F24-A441-6906CA5FB858}.Ad-Hoc|iPhone.Deploy.0 = Release|x86
		{9243006E-FC05-4F24-A441-6906CA5FB858}.Ad-Hoc|iPhoneSimulator.ActiveCfg = Release|x86
		{9243006E-FC05-4F24-A441-6906CA5FB858}.Ad-Hoc|iPhoneSimulator.Build.0 = Release|x86
		{9243006E-FC05-4F24-A441-6906CA5FB858}.Ad-Hoc|iPhoneSimulator.Deploy.0 = Release|x86
		{9243006E-FC05-4F24-A441-6906CA5FB858}.Ad-Hoc|x64.ActiveCfg = Release|x64
		{9243006E-FC05-4F24-A441-6906CA5FB858}.Ad-Hoc|x64.Build.0 = Release|x64
		{9243006E-FC05-4F24-A441-6906CA5FB858}.Ad-Hoc|x64.Deploy.0 = Release|x64
		{9243006E-FC05-4F24-A441-6906CA5FB858}.Ad-Hoc|x86.ActiveCfg = Release|x86
		{9243006E-FC05-4F24-A441-6906CA5FB858}.Ad-Hoc|x86.Build.0 = Release|x86
		{9243006E-FC05-4F24-A441-6906CA5FB858}.Ad-Hoc|x86.Deploy.0 = Release|x86
		{9243006E-FC05-4F24-A441-6906CA5FB858}.AppStore|Any CPU.ActiveCfg = Release|x86
		{9243006E-FC05-4F24-A441-6906CA5FB858}.AppStore|Any CPU.Build.0 = Release|x86
		{9243006E-FC05-4F24-A441-6906CA5FB858}.AppStore|Any CPU.Deploy.0 = Release|x86
		{9243006E-FC05-4F24-A441-6906CA5FB858}.AppStore|ARM.ActiveCfg = Release|ARM
		{9243006E-FC05-4F24-A441-6906CA5FB858}.AppStore|ARM.Build.0 = Release|ARM
		{9243006E-FC05-4F24-A441-6906CA5FB858}.AppStore|ARM.Deploy.0 = Release|ARM
		{9243006E-FC05-4F24-A441-6906CA5FB858}.AppStore|iPhone.ActiveCfg = Release|x86
		{9243006E-FC05-4F24-A441-6906CA5FB858}.AppStore|iPhone.Build.0 = Release|x86
		{9243006E-FC05-4F24-A441-6906CA5FB858}.AppStore|iPhone.Deploy.0 = Release|x86
		{9243006E-FC05-4F24-A441-6906CA5FB858}.AppStore|iPhoneSimulator.ActiveCfg = Release|x86
		{9243006E-FC05-4F24-A441-6906CA5FB858}.AppStore|iPhoneSimulator.Build.0 = Release|x86
		{9243006E-FC05-4F24-A441-6906CA5FB858}.AppStore|iPhoneSimulator.Deploy.0 = Release|x86
		{9243006E-FC05-4F24-A441-6906CA5FB858}.AppStore|x64.ActiveCfg = Release|x64
		{9243006E-FC05-4F24-A441-6906CA5FB858}.AppStore|x64.Build.0 = Release|x64
		{9243006E-FC05-4F24-A441-6906CA5FB858}.AppStore|x64.Deploy.0 = Release|x64
		{9243006E-FC05-4F24-A441-6906CA5FB858}.AppStore|x86.ActiveCfg = Release|x86
		{9243006E-FC05-4F24-A441-6906CA5FB858}.AppStore|x86.Build.0 = Release|x86
		{9243006E-FC05-4F24-A441-6906CA5FB858}.AppStore|x86.Deploy.0 = Release|x86
		{9243006E-FC05-4F24-A441-6906CA5FB858}.Debug|Any CPU.ActiveCfg = Debug|x86
		{9243006E-FC05-4F24-A441-6906CA5FB858}.Debug|Any CPU.Build.0 = Debug|x86
		{9243006E-FC05-4F24-A441-6906CA5FB858}.Debug|Any CPU.Deploy.0 = Debug|x86
		{9243006E-FC05-4F24-A441-6906CA5FB858}.Debug|ARM.ActiveCfg = Debug|ARM
		{9243006E-FC05-4F24-A441-6906CA5FB858}.Debug|ARM.Build.0 = Debug|ARM
		{9243006E-FC05-4F24-A441-6906CA5FB858}.Debug|ARM.Deploy.0 = Debug|ARM
		{9243006E-FC05-4F24-A441-6906CA5FB858}.Debug|iPhone.ActiveCfg = Debug|x86
		{9243006E-FC05-4F24-A441-6906CA5FB858}.Debug|iPhone.Build.0 = Debug|x86
		{9243006E-FC05-4F24-A441-6906CA5FB858}.Debug|iPhone.Deploy.0 = Debug|x86
		{9243006E-FC05-4F24-A441-6906CA5FB858}.Debug|iPhoneSimulator.ActiveCfg = Debug|x86
		{9243006E-FC05-4F24-A441-6906CA5FB858}.Debug|iPhoneSimulator.Build.0 = Debug|x86
		{9243006E-FC05-4F24-A441-6906CA5FB858}.Debug|iPhoneSimulator.Deploy.0 = Debug|x86
		{9243006E-FC05-4F24-A441-6906CA5FB858}.Debug|x64.ActiveCfg = Debug|x64
		{9243006E-FC05-4F24-A441-6906CA5FB858}.Debug|x64.Build.0 = Debug|x64
		{9243006E-FC05-4F24-A441-6906CA5FB858}.Debug|x64.Deploy.0 = Debug|x64
		{9243006E-FC05-4F24-A441-6906CA5FB858}.Debug|x86.ActiveCfg = Debug|x86
		{9243006E-FC05-4F24-A441-6906CA5FB858}.Debug|x86.Build.0 = Debug|x86
		{9243006E-FC05-4F24-A441-6906CA5FB858}.Debug|x86.Deploy.0 = Debug|x86
		{9243006E-FC05-4F24-A441-6906CA5FB858}.Release|Any CPU.ActiveCfg = Release|x86
		{9243006E-FC05-4F24-A441-6906CA5FB858}.Release|Any CPU.Build.0 = Release|x86
		{9243006E-FC05-4F24-A441-6906CA5FB858}.Release|Any CPU.Deploy.0 = Release|x86
		{9243006E-FC05-4F24-A441-6906CA5FB858}.Release|ARM.ActiveCfg = Release|ARM
		{9243006E-FC05-4F24-A441-6906CA5FB858}.Release|ARM.Build.0 = Release|ARM
		{9243006E-FC05-4F24-A441-6906CA5FB858}.Release|ARM.Deploy.0 = Release|ARM
		{9243006E-FC05-4F24-A441-6906CA5FB858}.Release|iPhone.ActiveCfg = Release|x86
		{9243006E-FC05-4F24-A441-6906CA5FB858}.Release|iPhone.Build.0 = Release|x86
		{9243006E-FC05-4F24-A441-6906CA5FB858}.Release|iPhone.Deploy.0 = Release|x86
		{9243006E-FC05-4F24-A441-6906CA5FB858}.Release|iPhoneSimulator.ActiveCfg = Release|x86
		{9243006E-FC05-4F24-A441-6906CA5FB858}.Release|iPhoneSimulator.Build.0 = Release|x86
		{9243006E-FC05-4F24-A441-6906CA5FB858}.Release|iPhoneSimulator.Deploy.0 = Release|x86
		{9243006E-FC05-4F24-A441-6906CA5FB858}.Release|x64.ActiveCfg = Release|x64
		{9243006E-FC05-4F24-A441-6906CA5FB858}.Release|x64.Build.0 = Release|x64
		{9243006E-FC05-4F24-A441-6906CA5FB858}.Release|x64.Deploy.0 = Release|x64
		{9243006E-FC05-4F24-A441-6906CA5FB858}.Release|x86.ActiveCfg = Release|x86
		{9243006E-FC05-4F24-A441-6906CA5FB858}.Release|x86.Build.0 = Release|x86
		{9243006E-FC05-4F24-A441-6906CA5FB858}.Release|x86.Deploy.0 = Release|x86
		{BC91F132-E299-498E-8AD8-3289B1BB028F}.Ad-Hoc|Any CPU.ActiveCfg = Debug|Any CPU
		{BC91F132-E299-498E-8AD8-3289B1BB028F}.Ad-Hoc|Any CPU.Build.0 = Debug|Any CPU
		{BC91F132-E299-498E-8AD8-3289B1BB028F}.Ad-Hoc|Any CPU.Deploy.0 = Debug|Any CPU
		{BC91F132-E299-498E-8AD8-3289B1BB028F}.Ad-Hoc|ARM.ActiveCfg = Debug|Any CPU
		{BC91F132-E299-498E-8AD8-3289B1BB028F}.Ad-Hoc|ARM.Build.0 = Debug|Any CPU
		{BC91F132-E299-498E-8AD8-3289B1BB028F}.Ad-Hoc|ARM.Deploy.0 = Debug|Any CPU
		{BC91F132-E299-498E-8AD8-3289B1BB028F}.Ad-Hoc|iPhone.ActiveCfg = Debug|Any CPU
		{BC91F132-E299-498E-8AD8-3289B1BB028F}.Ad-Hoc|iPhone.Build.0 = Debug|Any CPU
		{BC91F132-E299-498E-8AD8-3289B1BB028F}.Ad-Hoc|iPhone.Deploy.0 = Debug|Any CPU
		{BC91F132-E299-498E-8AD8-3289B1BB028F}.Ad-Hoc|iPhoneSimulator.ActiveCfg = Debug|Any CPU
		{BC91F132-E299-498E-8AD8-3289B1BB028F}.Ad-Hoc|iPhoneSimulator.Build.0 = Debug|Any CPU
		{BC91F132-E299-498E-8AD8-3289B1BB028F}.Ad-Hoc|iPhoneSimulator.Deploy.0 = Debug|Any CPU
		{BC91F132-E299-498E-8AD8-3289B1BB028F}.Ad-Hoc|x64.ActiveCfg = Debug|Any CPU
		{BC91F132-E299-498E-8AD8-3289B1BB028F}.Ad-Hoc|x64.Build.0 = Debug|Any CPU
		{BC91F132-E299-498E-8AD8-3289B1BB028F}.Ad-Hoc|x64.Deploy.0 = Debug|Any CPU
		{BC91F132-E299-498E-8AD8-3289B1BB028F}.Ad-Hoc|x86.ActiveCfg = Debug|Any CPU
		{BC91F132-E299-498E-8AD8-3289B1BB028F}.Ad-Hoc|x86.Build.0 = Debug|Any CPU
		{BC91F132-E299-498E-8AD8-3289B1BB028F}.Ad-Hoc|x86.Deploy.0 = Debug|Any CPU
		{BC91F132-E299-498E-8AD8-3289B1BB028F}.AppStore|Any CPU.ActiveCfg = Debug|Any CPU
		{BC91F132-E299-498E-8AD8-3289B1BB028F}.AppStore|Any CPU.Build.0 = Debug|Any CPU
		{BC91F132-E299-498E-8AD8-3289B1BB028F}.AppStore|Any CPU.Deploy.0 = Debug|Any CPU
		{BC91F132-E299-498E-8AD8-3289B1BB028F}.AppStore|ARM.ActiveCfg = Debug|Any CPU
		{BC91F132-E299-498E-8AD8-3289B1BB028F}.AppStore|ARM.Build.0 = Debug|Any CPU
		{BC91F132-E299-498E-8AD8-3289B1BB028F}.AppStore|ARM.Deploy.0 = Debug|Any CPU
		{BC91F132-E299-498E-8AD8-3289B1BB028F}.AppStore|iPhone.ActiveCfg = Debug|Any CPU
		{BC91F132-E299-498E-8AD8-3289B1BB028F}.AppStore|iPhone.Build.0 = Debug|Any CPU
		{BC91F132-E299-498E-8AD8-3289B1BB028F}.AppStore|iPhone.Deploy.0 = Debug|Any CPU
		{BC91F132-E299-498E-8AD8-3289B1BB028F}.AppStore|iPhoneSimulator.ActiveCfg = Debug|Any CPU
		{BC91F132-E299-498E-8AD8-3289B1BB028F}.AppStore|iPhoneSimulator.Build.0 = Debug|Any CPU
		{BC91F132-E299-498E-8AD8-3289B1BB028F}.AppStore|iPhoneSimulator.Deploy.0 = Debug|Any CPU
		{BC91F132-E299-498E-8AD8-3289B1BB028F}.AppStore|x64.ActiveCfg = Debug|Any CPU
		{BC91F132-E299-498E-8AD8-3289B1BB028F}.AppStore|x64.Build.0 = Debug|Any CPU
		{BC91F132-E299-498E-8AD8-3289B1BB028F}.AppStore|x64.Deploy.0 = Debug|Any CPU
		{BC91F132-E299-498E-8AD8-3289B1BB028F}.AppStore|x86.ActiveCfg = Debug|Any CPU
		{BC91F132-E299-498E-8AD8-3289B1BB028F}.AppStore|x86.Build.0 = Debug|Any CPU
		{BC91F132-E299-498E-8AD8-3289B1BB028F}.AppStore|x86.Deploy.0 = Debug|Any CPU
		{BC91F132-E299-498E-8AD8-3289B1BB028F}.Debug|Any CPU.ActiveCfg = Debug|Any CPU
		{BC91F132-E299-498E-8AD8-3289B1BB028F}.Debug|Any CPU.Build.0 = Debug|Any CPU
		{BC91F132-E299-498E-8AD8-3289B1BB028F}.Debug|Any CPU.Deploy.0 = Debug|Any CPU
		{BC91F132-E299-498E-8AD8-3289B1BB028F}.Debug|ARM.ActiveCfg = Debug|Any CPU
		{BC91F132-E299-498E-8AD8-3289B1BB028F}.Debug|ARM.Build.0 = Debug|Any CPU
		{BC91F132-E299-498E-8AD8-3289B1BB028F}.Debug|ARM.Deploy.0 = Debug|Any CPU
		{BC91F132-E299-498E-8AD8-3289B1BB028F}.Debug|iPhone.ActiveCfg = Debug|Any CPU
		{BC91F132-E299-498E-8AD8-3289B1BB028F}.Debug|iPhone.Build.0 = Debug|Any CPU
		{BC91F132-E299-498E-8AD8-3289B1BB028F}.Debug|iPhone.Deploy.0 = Debug|Any CPU
		{BC91F132-E299-498E-8AD8-3289B1BB028F}.Debug|iPhoneSimulator.ActiveCfg = Debug|Any CPU
		{BC91F132-E299-498E-8AD8-3289B1BB028F}.Debug|iPhoneSimulator.Build.0 = Debug|Any CPU
		{BC91F132-E299-498E-8AD8-3289B1BB028F}.Debug|iPhoneSimulator.Deploy.0 = Debug|Any CPU
		{BC91F132-E299-498E-8AD8-3289B1BB028F}.Debug|x64.ActiveCfg = Debug|Any CPU
		{BC91F132-E299-498E-8AD8-3289B1BB028F}.Debug|x64.Build.0 = Debug|Any CPU
		{BC91F132-E299-498E-8AD8-3289B1BB028F}.Debug|x64.Deploy.0 = Debug|Any CPU
		{BC91F132-E299-498E-8AD8-3289B1BB028F}.Debug|x86.ActiveCfg = Debug|Any CPU
		{BC91F132-E299-498E-8AD8-3289B1BB028F}.Debug|x86.Build.0 = Debug|Any CPU
		{BC91F132-E299-498E-8AD8-3289B1BB028F}.Debug|x86.Deploy.0 = Debug|Any CPU
		{BC91F132-E299-498E-8AD8-3289B1BB028F}.Release|Any CPU.ActiveCfg = Release|Any CPU
		{BC91F132-E299-498E-8AD8-3289B1BB028F}.Release|Any CPU.Build.0 = Release|Any CPU
		{BC91F132-E299-498E-8AD8-3289B1BB028F}.Release|Any CPU.Deploy.0 = Release|Any CPU
		{BC91F132-E299-498E-8AD8-3289B1BB028F}.Release|ARM.ActiveCfg = Release|Any CPU
		{BC91F132-E299-498E-8AD8-3289B1BB028F}.Release|ARM.Build.0 = Release|Any CPU
		{BC91F132-E299-498E-8AD8-3289B1BB028F}.Release|ARM.Deploy.0 = Release|Any CPU
		{BC91F132-E299-498E-8AD8-3289B1BB028F}.Release|iPhone.ActiveCfg = Release|Any CPU
		{BC91F132-E299-498E-8AD8-3289B1BB028F}.Release|iPhone.Build.0 = Release|Any CPU
		{BC91F132-E299-498E-8AD8-3289B1BB028F}.Release|iPhone.Deploy.0 = Release|Any CPU
		{BC91F132-E299-498E-8AD8-3289B1BB028F}.Release|iPhoneSimulator.ActiveCfg = Release|Any CPU
		{BC91F132-E299-498E-8AD8-3289B1BB028F}.Release|iPhoneSimulator.Build.0 = Release|Any CPU
		{BC91F132-E299-498E-8AD8-3289B1BB028F}.Release|iPhoneSimulator.Deploy.0 = Release|Any CPU
		{BC91F132-E299-498E-8AD8-3289B1BB028F}.Release|x64.ActiveCfg = Release|Any CPU
		{BC91F132-E299-498E-8AD8-3289B1BB028F}.Release|x64.Build.0 = Release|Any CPU
		{BC91F132-E299-498E-8AD8-3289B1BB028F}.Release|x64.Deploy.0 = Release|Any CPU
		{BC91F132-E299-498E-8AD8-3289B1BB028F}.Release|x86.ActiveCfg = Release|Any CPU
		{BC91F132-E299-498E-8AD8-3289B1BB028F}.Release|x86.Build.0 = Release|Any CPU
		{BC91F132-E299-498E-8AD8-3289B1BB028F}.Release|x86.Deploy.0 = Release|Any CPU
	EndGlobalSection
	GlobalSection(SolutionProperties) = preSolution
		HideSolutionNode = FALSE
	EndGlobalSection
	GlobalSection(ExtensibilityGlobals) = postSolution
		SolutionGuid = {5FE0C570-568A-4866-9935-86722F9104DD}
	EndGlobalSection
EndGlobal
